
Microsoft Visual Studio Solution File, Format Version 12.00
# Visual Studio 14
VisualStudioVersion = 14.0.25420.1
MinimumVisualStudioVersion = 10.0.40219.1
Project("{FAE04EC0-301F-11D3-BF4B-00C04F79EFBC}") = "_01RobotEnable", "_01RobotEnable\_01RobotEnable.csproj", "{233A4177-DEC8-4A3C-A1A4-969EDDFEF7E8}"
EndProject
Project("{FAE04EC0-301F-11D3-BF4B-00C04F79EFBC}") = "sdk_test_Csharp", "sdk_test_Csharp\sdk_test_Csharp.csproj", "{C89AFE66-7A51-4BD0-9A7B-27BC49A68789}"
EndProject
Project("{FAE04EC0-301F-11D3-BF4B-00C04F79EFBC}") = "_02DownloadProject", "_02DownloadProject\_02DownloadProject.csproj", "{FA768A3C-44A5-4B2C-AE64-48ACE729FBD3}"
EndProject
Project("{FAE04EC0-301F-11D3-BF4B-00C04F79EFBC}") = "_03MotionInter", "_03MotionInter\_03MotionInter.csproj", "{739042AE-B010-42F1-BC0D-C5D8623DBC4A}"
EndProject
Project("{FAE04EC0-301F-11D3-BF4B-00C04F79EFBC}") = "_04TrajRetrace", "_04TrajRetrace\_04TrajRetrace.csproj", "{61F664CC-033E-4297-878F-EBD60D5B1E96}"
EndProject
Project("{FAE04EC0-301F-11D3-BF4B-00C04F79EFBC}") = "_05InstallRW", "_05InstallRW\_05InstallRW.csproj", "{DEA82AE8-FA8F-463F-BE09-14549B65A636}"
EndProject
Project("{FAE04EC0-301F-11D3-BF4B-00C04F79EFBC}") = "_06PointModify", "_06PointModify\_06PointModify.csproj", "{1073DD3E-0F80-4DCF-B2B4-174B8C726CD2}"
EndProject
Project("{FAE04EC0-301F-11D3-BF4B-00C04F79EFBC}") = "_07OutMessage", "_07OutMessage\_07OutMessage.csproj", "{AD3F2F1C-6C57-4DAF-907F-CD697C1E7B5B}"
EndProject
Project("{FAE04EC0-301F-11D3-BF4B-00C04F79EFBC}") = "_08MathTrans", "_08MathTrans\_08MathTrans.csproj", "{9FF76C03-EF53-409B-9B62-AA9F1F418F56}"
EndProject
Project("{FAE04EC0-301F-11D3-BF4B-00C04F79EFBC}") = "_09TcpEdit", "_09TcpEdit\_09TcpEdit.csproj", "{B44215FB-1E92-4950-A713-94907A34DFFF}"
EndProject
Global
	GlobalSection(SolutionConfigurationPlatforms) = preSolution
		Debug|Any CPU = Debug|Any CPU
		Debug|x64 = Debug|x64
		Debug|x86 = Debug|x86
		Release|Any CPU = Release|Any CPU
		Release|x64 = Release|x64
		Release|x86 = Release|x86
	EndGlobalSection
	GlobalSection(ProjectConfigurationPlatforms) = postSolution
		{233A4177-DEC8-4A3C-A1A4-969EDDFEF7E8}.Debug|Any CPU.ActiveCfg = Debug|Any CPU
		{233A4177-DEC8-4A3C-A1A4-969EDDFEF7E8}.Debug|Any CPU.Build.0 = Debug|Any CPU
		{233A4177-DEC8-4A3C-A1A4-969EDDFEF7E8}.Debug|x64.ActiveCfg = Debug|x64
		{233A4177-DEC8-4A3C-A1A4-969EDDFEF7E8}.Debug|x64.Build.0 = Debug|x64
		{233A4177-DEC8-4A3C-A1A4-969EDDFEF7E8}.Debug|x86.ActiveCfg = Debug|Any CPU
		{233A4177-DEC8-4A3C-A1A4-969EDDFEF7E8}.Debug|x86.Build.0 = Debug|Any CPU
		{233A4177-DEC8-4A3C-A1A4-969EDDFEF7E8}.Release|Any CPU.ActiveCfg = Release|Any CPU
		{233A4177-DEC8-4A3C-A1A4-969EDDFEF7E8}.Release|Any CPU.Build.0 = Release|Any CPU
		{233A4177-DEC8-4A3C-A1A4-969EDDFEF7E8}.Release|x64.ActiveCfg = Release|Any CPU
		{233A4177-DEC8-4A3C-A1A4-969EDDFEF7E8}.Release|x64.Build.0 = Release|Any CPU
		{233A4177-DEC8-4A3C-A1A4-969EDDFEF7E8}.Release|x86.ActiveCfg = Release|Any CPU
		{233A4177-DEC8-4A3C-A1A4-969EDDFEF7E8}.Release|x86.Build.0 = Release|Any CPU
		{C89AFE66-7A51-4BD0-9A7B-27BC49A68789}.Debug|Any CPU.ActiveCfg = Debug|Any CPU
		{C89AFE66-7A51-4BD0-9A7B-27BC49A68789}.Debug|Any CPU.Build.0 = Debug|Any CPU
		{C89AFE66-7A51-4BD0-9A7B-27BC49A68789}.Debug|x64.ActiveCfg = Debug|x64
		{C89AFE66-7A51-4BD0-9A7B-27BC49A68789}.Debug|x64.Build.0 = Debug|x64
		{C89AFE66-7A51-4BD0-9A7B-27BC49A68789}.Debug|x86.ActiveCfg = Debug|x86
		{C89AFE66-7A51-4BD0-9A7B-27BC49A68789}.Debug|x86.Build.0 = Debug|x86
		{C89AFE66-7A51-4BD0-9A7B-27BC49A68789}.Release|Any CPU.ActiveCfg = Release|Any CPU
		{C89AFE66-7A51-4BD0-9A7B-27BC49A68789}.Release|Any CPU.Build.0 = Release|Any CPU
		{C89AFE66-7A51-4BD0-9A7B-27BC49A68789}.Release|x64.ActiveCfg = Release|x64
		{C89AFE66-7A51-4BD0-9A7B-27BC49A68789}.Release|x64.Build.0 = Release|x64
		{C89AFE66-7A51-4BD0-9A7B-27BC49A68789}.Release|x86.ActiveCfg = Release|x86
		{C89AFE66-7A51-4BD0-9A7B-27BC49A68789}.Release|x86.Build.0 = Release|x86
		{FA768A3C-44A5-4B2C-AE64-48ACE729FBD3}.Debug|Any CPU.ActiveCfg = Debug|Any CPU
		{FA768A3C-44A5-4B2C-AE64-48ACE729FBD3}.Debug|Any CPU.Build.0 = Debug|Any CPU
		{FA768A3C-44A5-4B2C-AE64-48ACE729FBD3}.Debug|x64.ActiveCfg = Debug|x64
		{FA768A3C-44A5-4B2C-AE64-48ACE729FBD3}.Debug|x64.Build.0 = Debug|x64
		{FA768A3C-44A5-4B2C-AE64-48ACE729FBD3}.Debug|x86.ActiveCfg = Debug|Any CPU
		{FA768A3C-44A5-4B2C-AE64-48ACE729FBD3}.Debug|x86.Build.0 = Debug|Any CPU
		{FA768A3C-44A5-4B2C-AE64-48ACE729FBD3}.Release|Any CPU.ActiveCfg = Release|Any CPU
		{FA768A3C-44A5-4B2C-AE64-48ACE729FBD3}.Release|Any CPU.Build.0 = Release|Any CPU
		{FA768A3C-44A5-4B2C-AE64-48ACE729FBD3}.Release|x64.ActiveCfg = Release|Any CPU
		{FA768A3C-44A5-4B2C-AE64-48ACE729FBD3}.Release|x64.Build.0 = Release|Any CPU
		{FA768A3C-44A5-4B2C-AE64-48ACE729FBD3}.Release|x86.ActiveCfg = Release|Any CPU
		{FA768A3C-44A5-4B2C-AE64-48ACE729FBD3}.Release|x86.Build.0 = Release|Any CPU
		{739042AE-B010-42F1-BC0D-C5D8623DBC4A}.Debug|Any CPU.ActiveCfg = Debug|Any CPU
		{739042AE-B010-42F1-BC0D-C5D8623DBC4A}.Debug|Any CPU.Build.0 = Debug|Any CPU
		{739042AE-B010-42F1-BC0D-C5D8623DBC4A}.Debug|x64.ActiveCfg = Debug|x64
		{739042AE-B010-42F1-BC0D-C5D8623DBC4A}.Debug|x64.Build.0 = Debug|x64
		{739042AE-B010-42F1-BC0D-C5D8623DBC4A}.Debug|x86.ActiveCfg = Debug|Any CPU
		{739042AE-B010-42F1-BC0D-C5D8623DBC4A}.Debug|x86.Build.0 = Debug|Any CPU
		{739042AE-B010-42F1-BC0D-C5D8623DBC4A}.Release|Any CPU.ActiveCfg = Release|Any CPU
		{739042AE-B010-42F1-BC0D-C5D8623DBC4A}.Release|Any CPU.Build.0 = Release|Any CPU
		{739042AE-B010-42F1-BC0D-C5D8623DBC4A}.Release|x64.ActiveCfg = Release|Any CPU
		{739042AE-B010-42F1-BC0D-C5D8623DBC4A}.Release|x64.Build.0 = Release|Any CPU
		{739042AE-B010-42F1-BC0D-C5D8623DBC4A}.Release|x86.ActiveCfg = Release|Any CPU
		{739042AE-B010-42F1-BC0D-C5D8623DBC4A}.Release|x86.Build.0 = Release|Any CPU
		{61F664CC-033E-4297-878F-EBD60D5B1E96}.Debug|Any CPU.ActiveCfg = Debug|Any CPU
		{61F664CC-033E-4297-878F-EBD60D5B1E96}.Debug|Any CPU.Build.0 = Debug|Any CPU
		{61F664CC-033E-4297-878F-EBD60D5B1E96}.Debug|x64.ActiveCfg = Debug|x64
		{61F664CC-033E-4297-878F-EBD60D5B1E96}.Debug|x64.Build.0 = Debug|x64
		{61F664CC-033E-4297-878F-EBD60D5B1E96}.Debug|x86.ActiveCfg = Debug|Any CPU
		{61F664CC-033E-4297-878F-EBD60D5B1E96}.Debug|x86.Build.0 = Debug|Any CPU
		{61F664CC-033E-4297-878F-EBD60D5B1E96}.Release|Any CPU.ActiveCfg = Release|Any CPU
		{61F664CC-033E-4297-878F-EBD60D5B1E96}.Release|Any CPU.Build.0 = Release|Any CPU
		{61F664CC-033E-4297-878F-EBD60D5B1E96}.Release|x64.ActiveCfg = Release|Any CPU
		{61F664CC-033E-4297-878F-EBD60D5B1E96}.Release|x64.Build.0 = Release|Any CPU
		{61F664CC-033E-4297-878F-EBD60D5B1E96}.Release|x86.ActiveCfg = Release|Any CPU
		{61F664CC-033E-4297-878F-EBD60D5B1E96}.Release|x86.Build.0 = Release|Any CPU
		{DEA82AE8-FA8F-463F-BE09-14549B65A636}.Debug|Any CPU.ActiveCfg = Debug|Any CPU
		{DEA82AE8-FA8F-463F-BE09-14549B65A636}.Debug|Any CPU.Build.0 = Debug|Any CPU
		{DEA82AE8-FA8F-463F-BE09-14549B65A636}.Debug|x64.ActiveCfg = Debug|x64
		{DEA82AE8-FA8F-463F-BE09-14549B65A636}.Debug|x64.Build.0 = Debug|x64
		{DEA82AE8-FA8F-463F-BE09-14549B65A636}.Debug|x86.ActiveCfg = Debug|Any CPU
		{DEA82AE8-FA8F-463F-BE09-14549B65A636}.Debug|x86.Build.0 = Debug|Any CPU
		{DEA82AE8-FA8F-463F-BE09-14549B65A636}.Release|Any CPU.ActiveCfg = Release|Any CPU
		{DEA82AE8-FA8F-463F-BE09-14549B65A636}.Release|Any CPU.Build.0 = Release|Any CPU
		{DEA82AE8-FA8F-463F-BE09-14549B65A636}.Release|x64.ActiveCfg = Release|Any CPU
		{DEA82AE8-FA8F-463F-BE09-14549B65A636}.Release|x64.Build.0 = Release|Any CPU
		{DEA82AE8-FA8F-463F-BE09-14549B65A636}.Release|x86.ActiveCfg = Release|Any CPU
		{DEA82AE8-FA8F-463F-BE09-14549B65A636}.Release|x86.Build.0 = Release|Any CPU
		{1073DD3E-0F80-4DCF-B2B4-174B8C726CD2}.Debug|Any CPU.ActiveCfg = Debug|Any CPU
		{1073DD3E-0F80-4DCF-B2B4-174B8C726CD2}.Debug|Any CPU.Build.0 = Debug|Any CPU
		{1073DD3E-0F80-4DCF-B2B4-174B8C726CD2}.Debug|x64.ActiveCfg = Debug|x64
		{1073DD3E-0F80-4DCF-B2B4-174B8C726CD2}.Debug|x64.Build.0 = Debug|x64
		{1073DD3E-0F80-4DCF-B2B4-174B8C726CD2}.Debug|x86.ActiveCfg = Debug|Any CPU
		{1073DD3E-0F80-4DCF-B2B4-174B8C726CD2}.Debug|x86.Build.0 = Debug|Any CPU
		{1073DD3E-0F80-4DCF-B2B4-174B8C726CD2}.Release|Any CPU.ActiveCfg = Release|Any CPU
		{1073DD3E-0F80-4DCF-B2B4-174B8C726CD2}.Release|Any CPU.Build.0 = Release|Any CPU
		{1073DD3E-0F80-4DCF-B2B4-174B8C726CD2}.Release|x64.ActiveCfg = Release|Any CPU
		{1073DD3E-0F80-4DCF-B2B4-174B8C726CD2}.Release|x64.Build.0 = Release|Any CPU
		{1073DD3E-0F80-4DCF-B2B4-174B8C726CD2}.Release|x86.ActiveCfg = Release|Any CPU
		{1073DD3E-0F80-4DCF-B2B4-174B8C726CD2}.Release|x86.Build.0 = Release|Any CPU
		{AD3F2F1C-6C57-4DAF-907F-CD697C1E7B5B}.Debug|Any CPU.ActiveCfg = Debug|Any CPU
		{AD3F2F1C-6C57-4DAF-907F-CD697C1E7B5B}.Debug|Any CPU.Build.0 = Debug|Any CPU
		{AD3F2F1C-6C57-4DAF-907F-CD697C1E7B5B}.Debug|x64.ActiveCfg = Debug|x64
		{AD3F2F1C-6C57-4DAF-907F-CD697C1E7B5B}.Debug|x64.Build.0 = Debug|x64
		{AD3F2F1C-6C57-4DAF-907F-CD697C1E7B5B}.Debug|x86.ActiveCfg = Debug|Any CPU
		{AD3F2F1C-6C57-4DAF-907F-CD697C1E7B5B}.Debug|x86.Build.0 = Debug|Any CPU
		{AD3F2F1C-6C57-4DAF-907F-CD697C1E7B5B}.Release|Any CPU.ActiveCfg = Release|Any CPU
		{AD3F2F1C-6C57-4DAF-907F-CD697C1E7B5B}.Release|Any CPU.Build.0 = Release|Any CPU
		{AD3F2F1C-6C57-4DAF-907F-CD697C1E7B5B}.Release|x64.ActiveCfg = Release|Any CPU
		{AD3F2F1C-6C57-4DAF-907F-CD697C1E7B5B}.Release|x64.Build.0 = Release|Any CPU
		{AD3F2F1C-6C57-4DAF-907F-CD697C1E7B5B}.Release|x86.ActiveCfg = Release|Any CPU
		{AD3F2F1C-6C57-4DAF-907F-CD697C1E7B5B}.Release|x86.Build.0 = Release|Any CPU
		{9FF76C03-EF53-409B-9B62-AA9F1F418F56}.Debug|Any CPU.ActiveCfg = Debug|Any CPU
		{9FF76C03-EF53-409B-9B62-AA9F1F418F56}.Debug|Any CPU.Build.0 = Debug|Any CPU
		{9FF76C03-EF53-409B-9B62-AA9F1F418F56}.Debug|x64.ActiveCfg = Debug|x64
		{9FF76C03-EF53-409B-9B62-AA9F1F418F56}.Debug|x64.Build.0 = Debug|x64
		{9FF76C03-EF53-409B-9B62-AA9F1F418F56}.Debug|x86.ActiveCfg = Debug|Any CPU
		{9FF76C03-EF53-409B-9B62-AA9F1F418F56}.Debug|x86.Build.0 = Debug|Any CPU
		{9FF76C03-EF53-409B-9B62-AA9F1F418F56}.Release|Any CPU.ActiveCfg = Release|Any CPU
		{9FF76C03-EF53-409B-9B62-AA9F1F418F56}.Release|Any CPU.Build.0 = Release|Any CPU
		{9FF76C03-EF53-409B-9B62-AA9F1F418F56}.Release|x64.ActiveCfg = Release|Any CPU
		{9FF76C03-EF53-409B-9B62-AA9F1F418F56}.Release|x64.Build.0 = Release|Any CPU
		{9FF76C03-EF53-409B-9B62-AA9F1F418F56}.Release|x86.ActiveCfg = Release|Any CPU
		{9FF76C03-EF53-409B-9B62-AA9F1F418F56}.Release|x86.Build.0 = Release|Any CPU
		{B44215FB-1E92-4950-A713-94907A34DFFF}.Debug|Any CPU.ActiveCfg = Debug|Any CPU
		{B44215FB-1E92-4950-A713-94907A34DFFF}.Debug|Any CPU.Build.0 = Debug|Any CPU
		{B44215FB-1E92-4950-A713-94907A34DFFF}.Debug|x64.ActiveCfg = Debug|x64
		{B44215FB-1E92-4950-A713-94907A34DFFF}.Debug|x64.Build.0 = Debug|x64
		{B44215FB-1E92-4950-A713-94907A34DFFF}.Debug|x86.ActiveCfg = Debug|Any CPU
		{B44215FB-1E92-4950-A713-94907A34DFFF}.Debug|x86.Build.0 = Debug|Any CPU
		{B44215FB-1E92-4950-A713-94907A34DFFF}.Release|Any CPU.ActiveCfg = Release|Any CPU
		{B44215FB-1E92-4950-A713-94907A34DFFF}.Release|Any CPU.Build.0 = Release|Any CPU
		{B44215FB-1E92-4950-A713-94907A34DFFF}.Release|x64.ActiveCfg = Release|Any CPU
		{B44215FB-1E92-4950-A713-94907A34DFFF}.Release|x64.Build.0 = Release|Any CPU
		{B44215FB-1E92-4950-A713-94907A34DFFF}.Release|x86.ActiveCfg = Release|Any CPU
		{B44215FB-1E92-4950-A713-94907A34DFFF}.Release|x86.Build.0 = Release|Any CPU
	EndGlobalSection
	GlobalSection(SolutionProperties) = preSolution
		HideSolutionNode = FALSE
	EndGlobalSection
EndGlobal
